
Microsoft Visual Studio Solution File, Format Version 12.00
# Visual Studio Version 17
VisualStudioVersion = 17.0.32014.148
MinimumVisualStudioVersion = 10.0.40219.1
Project("{FAE04EC0-301F-11D3-BF4B-00C04F79EFBC}") = "ToDo", "ToDo\ToDo.csproj", "{528200B4-FC2C-428F-946A-F9F9F24E6993}"
EndProject
Global
	GlobalSection(SolutionConfigurationPlatforms) = preSolution
		Debug|Any CPU = Debug|Any CPU
		Release|Any CPU = Release|Any CPU
	EndGlobalSection
	GlobalSection(ProjectConfigurationPlatforms) = postSolution
		{528200B4-FC2C-428F-946A-F9F9F24E6993}.Debug|Any CPU.ActiveCfg = Debug|Any CPU
		{528200B4-FC2C-428F-946A-F9F9F24E6993}.Debug|Any CPU.Build.0 = Debug|Any CPU
		{528200B4-FC2C-428F-946A-F9F9F24E6993}.Release|Any CPU.ActiveCfg = Release|Any CPU
		{528200B4-FC2C-428F-946A-F9F9F24E6993}.Release|Any CPU.Build.0 = Release|Any CPU
	EndGlobalSection
	GlobalSection(SolutionProperties) = preSolution
		HideSolutionNode = FALSE
	EndGlobalSection
	GlobalSection(ExtensibilityGlobals) = postSolution
		SolutionGuid = {EF48A6C6-F8AB-43CF-A466-06E1419B6D81}
	EndGlobalSection
EndGlobal
